
Microsoft Visual Studio Solution File, Format Version 12.00
# Visual Studio Version 17
VisualStudioVersion = 17.3.32901.215
MinimumVisualStudioVersion = 10.0.40219.1
Project("{888888A0-9F3D-457C-B088-3A5042F75D52}") = "IAD_lab2", "IAD_lab2\IAD_lab2.pyproj", "{2E83C500-AAFE-4A85-BB86-AB8236078FF9}"
EndProject
Global
	GlobalSection(SolutionConfigurationPlatforms) = preSolution
		Debug|Any CPU = Debug|Any CPU
		Release|Any CPU = Release|Any CPU
	EndGlobalSection
	GlobalSection(ProjectConfigurationPlatforms) = postSolution
		{2E83C500-AAFE-4A85-BB86-AB8236078FF9}.Debug|Any CPU.ActiveCfg = Debug|Any CPU
		{2E83C500-AAFE-4A85-BB86-AB8236078FF9}.Release|Any CPU.ActiveCfg = Release|Any CPU
	EndGlobalSection
	GlobalSection(SolutionProperties) = preSolution
		HideSolutionNode = FALSE
	EndGlobalSection
	GlobalSection(ExtensibilityGlobals) = postSolution
		SolutionGuid = {3EDC1A53-1280-4F8C-8A65-9AE83499931C}
	EndGlobalSection
EndGlobal
